
Microsoft Visual Studio Solution File, Format Version 12.00
# Visual Studio 14
VisualStudioVersion = 14.0.25420.1
MinimumVisualStudioVersion = 10.0.40219.1
Project("{FAE04EC0-301F-11D3-BF4B-00C04F79EFBC}") = "OOP Library Maanagement System", "OOP Library Maanagement System\OOP Library Maanagement System.csproj", "{04F378CD-7D77-4994-96D5-BA4095D76C07}"
EndProject
Global
	GlobalSection(SolutionConfigurationPlatforms) = preSolution
		Debug|Any CPU = Debug|Any CPU
		Release|Any CPU = Release|Any CPU
	EndGlobalSection
	GlobalSection(ProjectConfigurationPlatforms) = postSolution
		{04F378CD-7D77-4994-96D5-BA4095D76C07}.Debug|Any CPU.ActiveCfg = Debug|Any CPU
		{04F378CD-7D77-4994-96D5-BA4095D76C07}.Debug|Any CPU.Build.0 = Debug|Any CPU
		{04F378CD-7D77-4994-96D5-BA4095D76C07}.Release|Any CPU.ActiveCfg = Release|Any CPU
		{04F378CD-7D77-4994-96D5-BA4095D76C07}.Release|Any CPU.Build.0 = Release|Any CPU
	EndGlobalSection
	GlobalSection(SolutionProperties) = preSolution
		HideSolutionNode = FALSE
	EndGlobalSection
EndGlobal
